// !$*UTF8*$!
{
	archiveVersion = 1;
	classes = {
	};
	objectVersion = 50;
	objects = {

/* Begin PBXBuildFile section */
		FAF5772D20A42DCA00E69D82 /* AppDelegate.m in Sources */ = {isa = PBXBuildFile; fileRef = FAF5772C20A42DCA00E69D82 /* AppDelegate.m */; };
		FAF5773020A42DCA00E69D82 /* ViewController.m in Sources */ = {isa = PBXBuildFile; fileRef = FAF5772F20A42DCA00E69D82 /* ViewController.m */; };
		FAF5773320A42DCA00E69D82 /* Main.storyboard in Resources */ = {isa = PBXBuildFile; fileRef = FAF5773120A42DCA00E69D82 /* Main.storyboard */; };
		FAF5773520A42DCB00E69D82 /* Assets.xcassets in Resources */ = {isa = PBXBuildFile; fileRef = FAF5773420A42DCB00E69D82 /* Assets.xcassets */; };
		FAF5773820A42DCB00E69D82 /* LaunchScreen.storyboard in Resources */ = {isa = PBXBuildFile; fileRef = FAF5773620A42DCB00E69D82 /* LaunchScreen.storyboard */; };
		FAF5773B20A42DCB00E69D82 /* main.m in Sources */ = {isa = PBXBuildFile; fileRef = FAF5773A20A42DCB00E69D82 /* main.m */; };
		FAF5774320A42DDD00E69D82 /* Person.m in Sources */ = {isa = PBXBuildFile; fileRef = FAF5774220A42DDD00E69D82 /* Person.m */; };
		FAF5774620A445F400E69D82 /* MKPerson.m in Sources */ = {isa = PBXBuildFile; fileRef = FAF5774520A445F400E69D82 /* MKPerson.m */; };
		FAF5774920A5291900E69D82 /* NSObject+kvo.m in Sources */ = {isa = PBXBuildFile; fileRef = FAF5774820A5291900E69D82 /* NSObject+kvo.m */; };
/* End PBXBuildFile section */

/* Begin PBXFileReference section */
		FAF5772820A42DCA00E69D82 /* messageSend.app */ = {isa = PBXFileReference; explicitFileType = wrapper.application; includeInIndex = 0; path = messageSend.app; sourceTree = BUILT_PRODUCTS_DIR; };
		FAF5772B20A42DCA00E69D82 /* AppDelegate.h */ = {isa = PBXFileReference; lastKnownFileType = sourcecode.c.h; path = AppDelegate.h; sourceTree = "<group>"; };
		FAF5772C20A42DCA00E69D82 /* AppDelegate.m */ = {isa = PBXFileReference; lastKnownFileType = sourcecode.c.objc; path = AppDelegate.m; sourceTree = "<group>"; };
		FAF5772E20A42DCA00E69D82 /* ViewController.h */ = {isa = PBXFileReference; lastKnownFileType = sourcecode.c.h; path = ViewController.h; sourceTree = "<group>"; };
		FAF5772F20A42DCA00E69D82 /* ViewController.m */ = {isa = PBXFileReference; lastKnownFileType = sourcecode.c.objc; path = ViewController.m; sourceTree = "<group>"; };
		FAF5773220A42DCA00E69D82 /* Base */ = {isa = PBXFileReference; lastKnownFileType = file.storyboard; name = Base; path = Base.lproj/Main.storyboard; sourceTree = "<group>"; };
		FAF5773420A42DCB00E69D82 /* Assets.xcassets */ = {isa = PBXFileReference; lastKnownFileType = folder.assetcatalog; path = Assets.xcassets; sourceTree = "<group>"; };
		FAF5773720A42DCB00E69D82 /* Base */ = {isa = PBXFileReference; lastKnownFileType = file.storyboard; name = Base; path = Base.lproj/LaunchScreen.storyboard; sourceTree = "<group>"; };
		FAF5773920A42DCB00E69D82 /* Info.plist */ = {isa = PBXFileReference; lastKnownFileType = text.plist.xml; path = Info.plist; sourceTree = "<group>"; };
		FAF5773A20A42DCB00E69D82 /* main.m */ = {isa = PBXFileReference; lastKnownFileType = sourcecode.c.objc; path = main.m; sourceTree = "<group>"; };
		FAF5774120A42DDD00E69D82 /* Person.h */ = {isa = PBXFileReference; lastKnownFileType = sourcecode.c.h; path = Person.h; sourceTree = "<group>"; };
		FAF5774220A42DDD00E69D82 /* Person.m */ = {isa = PBXFileReference; lastKnownFileType = sourcecode.c.objc; path = Person.m; sourceTree = "<group>"; };
		FAF5774420A445F400E69D82 /* MKPerson.h */ = {isa = PBXFileReference; lastKnownFileType = sourcecode.c.h; path = MKPerson.h; sourceTree = "<group>"; };
		FAF5774520A445F400E69D82 /* MKPerson.m */ = {isa = PBXFileReference; lastKnownFileType = sourcecode.c.objc; path = MKPerson.m; sourceTree = "<group>"; };
		FAF5774720A5291900E69D82 /* NSObject+kvo.h */ = {isa = PBXFileReference; lastKnownFileType = sourcecode.c.h; path = "NSObject+kvo.h"; sourceTree = "<group>"; };
		FAF5774820A5291900E69D82 /* NSObject+kvo.m */ = {isa = PBXFileReference; lastKnownFileType = sourcecode.c.objc; path = "NSObject+kvo.m"; sourceTree = "<group>"; };
/* End PBXFileReference section */

/* Begin PBXFrameworksBuildPhase section */
		FAF5772520A42DCA00E69D82 /* Frameworks */ = {
			isa = PBXFrameworksBuildPhase;
			buildActionMask = 2147483647;
			files = (
			);
			runOnlyForDeploymentPostprocessing = 0;
		};
/* End PBXFrameworksBuildPhase section */

/* Begin PBXGroup section */
		FAF5771F20A42DCA00E69D82 = {
			isa = PBXGroup;
			children = (
				FAF5772A20A42DCA00E69D82 /* messageSend */,
				FAF5772920A42DCA00E69D82 /* Products */,
			);
			sourceTree = "<group>";
		};
		FAF5772920A42DCA00E69D82 /* Products */ = {
			isa = PBXGroup;
			children = (
				FAF5772820A42DCA00E69D82 /* messageSend.app */,
			);
			name = Products;
			sourceTree = "<group>";
		};
		FAF5772A20A42DCA00E69D82 /* messageSend */ = {
			isa = PBXGroup;
			children = (
				FAF5772B20A42DCA00E69D82 /* AppDelegate.h */,
				FAF5772C20A42DCA00E69D82 /* AppDelegate.m */,
				FAF5772E20A42DCA00E69D82 /* ViewController.h */,
				FAF5772F20A42DCA00E69D82 /* ViewController.m */,
				FAF5773120A42DCA00E69D82 /* Main.storyboard */,
				FAF5773420A42DCB00E69D82 /* Assets.xcassets */,
				FAF5773620A42DCB00E69D82 /* LaunchScreen.storyboard */,
				FAF5773920A42DCB00E69D82 /* Info.plist */,
				FAF5773A20A42DCB00E69D82 /* main.m */,
				FAF5774120A42DDD00E69D82 /* Person.h */,
				FAF5774220A42DDD00E69D82 /* Person.m */,
				FAF5774420A445F400E69D82 /* MKPerson.h */,
				FAF5774520A445F400E69D82 /* MKPerson.m */,
				FAF5774720A5291900E69D82 /* NSObject+kvo.h */,
				FAF5774820A5291900E69D82 /* NSObject+kvo.m */,
			);
			path = messageSend;
			sourceTree = "<group>";
		};
/* End PBXGroup section */

/* Begin PBXNativeTarget section */
		FAF5772720A42DCA00E69D82 /* messageSend */ = {
			isa = PBXNativeTarget;
			buildConfigurationList = FAF5773E20A42DCB00E69D82 /* Build configuration list for PBXNativeTarget "messageSend" */;
			buildPhases = (
				FAF5772420A42DCA00E69D82 /* Sources */,
				FAF5772520A42DCA00E69D82 /* Frameworks */,
				FAF5772620A42DCA00E69D82 /* Resources */,
			);
			buildRules = (
			);
			dependencies = (
			);
			name = messageSend;
			productName = messageSend;
			productReference = FAF5772820A42DCA00E69D82 /* messageSend.app */;
			productType = "com.apple.product-type.application";
		};
/* End PBXNativeTarget section */

/* Begin PBXProject section */
		FAF5772020A42DCA00E69D82 /* Project object */ = {
			isa = PBXProject;
			attributes = {
				LastUpgradeCheck = 0930;
				ORGANIZATIONNAME = lanxiao;
				TargetAttributes = {
					FAF5772720A42DCA00E69D82 = {
						CreatedOnToolsVersion = 9.3;
					};
				};
			};
			buildConfigurationList = FAF5772320A42DCA00E69D82 /* Build configuration list for PBXProject "messageSend" */;
			compatibilityVersion = "Xcode 9.3";
			developmentRegion = en;
			hasScannedForEncodings = 0;
			knownRegions = (
				en,
				Base,
			);
			mainGroup = FAF5771F20A42DCA00E69D82;
			productRefGroup = FAF5772920A42DCA00E69D82 /* Products */;
			projectDirPath = "";
			projectRoot = "";
			targets = (
				FAF5772720A42DCA00E69D82 /* messageSend */,
			);
		};
/* End PBXProject section */

/* Begin PBXResourcesBuildPhase section */
		FAF5772620A42DCA00E69D82 /* Resources */ = {
			isa = PBXResourcesBuildPhase;
			buildActionMask = 2147483647;
			files = (
				FAF5773820A42DCB00E69D82 /* LaunchScreen.storyboard in Resources */,
				FAF5773520A42DCB00E69D82 /* Assets.xcassets in Resources */,
				FAF5773320A42DCA00E69D82 /* Main.storyboard in Resources */,
			);
			runOnlyForDeploymentPostprocessing = 0;
		};
/* End PBXResourcesBuildPhase section */

/* Begin PBXSourcesBuildPhase section */
		FAF5772420A42DCA00E69D82 /* Sources */ = {
			isa = PBXSourcesBuildPhase;
			buildActionMask = 2147483647;
			files = (
				FAF5774920A5291900E69D82 /* NSObject+kvo.m in Sources */,
				FAF5773020A42DCA00E69D82 /* ViewController.m in Sources */,
				FAF5774620A445F400E69D82 /* MKPerson.m in Sources */,
				FAF5773B20A42DCB00E69D82 /* main.m in Sources */,
				FAF5774320A42DDD00E69D82 /* Person.m in Sources */,
				FAF5772D20A42DCA00E69D82 /* AppDelegate.m in Sources */,
			);
			runOnlyForDeploymentPostprocessing = 0;
		};
/* End PBXSourcesBuildPhase section */

/* Begin PBXVariantGroup section */
		FAF5773120A42DCA00E69D82 /* Main.storyboard */ = {
			isa = PBXVariantGroup;
			children = (
				FAF5773220A42DCA00E69D82 /* Base */,
			);
			name = Main.storyboard;
			sourceTree = "<group>";
		};
		FAF5773620A42DCB00E69D82 /* LaunchScreen.storyboard */ = {
			isa = PBXVariantGroup;
			children = (
				FAF5773720A42DCB00E69D82 /* Base */,
			);
			name = LaunchScreen.storyboard;
			sourceTree = "<group>";
		};
/* End PBXVariantGroup section */

/* Begin XCBuildConfiguration section */
		FAF5773C20A42DCB00E69D82 /* Debug */ = {
			isa = XCBuildConfiguration;
			buildSettings = {
				ALWAYS_SEARCH_USER_PATHS = NO;
				CLANG_ANALYZER_NONNULL = YES;
				CLANG_ANALYZER_NUMBER_OBJECT_CONVERSION = YES_AGGRESSIVE;
				CLANG_CXX_LANGUAGE_STANDARD = "gnu++14";
				CLANG_CXX_LIBRARY = "libc++";
				CLANG_ENABLE_MODULES = YES;
				CLANG_ENABLE_OBJC_ARC = YES;
				CLANG_ENABLE_OBJC_WEAK = YES;
				CLANG_WARN_BLOCK_CAPTURE_AUTORELEASING = YES;
				CLANG_WARN_BOOL_CONVERSION = YES;
				CLANG_WARN_COMMA = YES;
				CLANG_WARN_CONSTANT_CONVERSION = YES;
				CLANG_WARN_DEPRECATED_OBJC_IMPLEMENTATIONS = YES;
				CLANG_WARN_DIRECT_OBJC_ISA_USAGE = YES_ERROR;
				CLANG_WARN_DOCUMENTATION_COMMENTS = YES;
				CLANG_WARN_EMPTY_BODY = YES;
				CLANG_WARN_ENUM_CONVERSION = YES;
				CLANG_WARN_INFINITE_RECURSION = YES;
				CLANG_WARN_INT_CONVERSION = YES;
				CLANG_WARN_NON_LITERAL_NULL_CONVERSION = YES;
				CLANG_WARN_OBJC_IMPLICIT_RETAIN_SELF = YES;
				CLANG_WARN_OBJC_LITERAL_CONVERSION = YES;
				CLANG_WARN_OBJC_ROOT_CLASS = YES_ERROR;
				CLANG_WARN_RANGE_LOOP_ANALYSIS = YES;
				CLANG_WARN_STRICT_PROTOTYPES = YES;
				CLANG_WARN_SUSPICIOUS_MOVE = YES;
				CLANG_WARN_UNGUARDED_AVAILABILITY = YES_AGGRESSIVE;
				CLANG_WARN_UNREACHABLE_CODE = YES;
				CLANG_WARN__DUPLICATE_METHOD_MATCH = YES;
				CODE_SIGN_IDENTITY = "iPhone Developer";
				COPY_PHASE_STRIP = NO;
				DEBUG_INFORMATION_FORMAT = dwarf;
				ENABLE_STRICT_OBJC_MSGSEND = YES;
				ENABLE_TESTABILITY = YES;
				GCC_C_LANGUAGE_STANDARD = gnu11;
				GCC_DYNAMIC_NO_PIC = NO;
				GCC_NO_COMMON_BLOCKS = YES;
				GCC_OPTIMIZATION_LEVEL = 0;
				GCC_PREPROCESSOR_DEFINITIONS = (
					"DEBUG=1",
					"$(inherited)",
				);
				GCC_WARN_64_TO_32_BIT_CONVERSION = YES;
				GCC_WARN_ABOUT_RETURN_TYPE = YES_ERROR;
				GCC_WARN_UNDECLARED_SELECTOR = YES;
				GCC_WARN_UNINITIALIZED_AUTOS = YES_AGGRESSIVE;
				GCC_WARN_UNUSED_FUNCTION = YES;
				GCC_WARN_UNUSED_VARIABLE = YES;
				IPHONEOS_DEPLOYMENT_TARGET = 11.3;
				MTL_ENABLE_DEBUG_INFO = YES;
				ONLY_ACTIVE_ARCH = YES;
				SDKROOT = iphoneos;
			};
			name = Debug;
		};
		FAF5773D20A42DCB00E69D82 /* Release */ = {
			isa = XCBuildConfiguration;
			buildSettings = {
				ALWAYS_SEARCH_USER_PATHS = NO;
				CLANG_ANALYZER_NONNULL = YES;
				CLANG_ANALYZER_NUMBER_OBJECT_CONVERSION = YES_AGGRESSIVE;
				CLANG_CXX_LANGUAGE_STANDARD = "gnu++14";
				CLANG_CXX_LIBRARY = "libc++";
				CLANG_ENABLE_MODULES = YES;
				CLANG_ENABLE_OBJC_ARC = YES;
				CLANG_ENABLE_OBJC_WEAK = YES;
				CLANG_WARN_BLOCK_CAPTURE_AUTORELEASING = YES;
				CLANG_WARN_BOOL_CONVERSION = YES;
				CLANG_WARN_COMMA = YES;
				CLANG_WARN_CONSTANT_CONVERSION = YES;
				CLANG_WARN_DEPRECATED_OBJC_IMPLEMENTATIONS = YES;
				CLANG_WARN_DIRECT_OBJC_ISA_USAGE = YES_ERROR;
				CLANG_WARN_DOCUMENTATION_COMMENTS = YES;
				CLANG_WARN_EMPTY_BODY = YES;
				CLANG_WARN_ENUM_CONVERSION = YES;
				CLANG_WARN_INFINITE_RECURSION = YES;
				CLANG_WARN_INT_CONVERSION = YES;
				CLANG_WARN_NON_LITERAL_NULL_CONVERSION = YES;
				CLANG_WARN_OBJC_IMPLICIT_RETAIN_SELF = YES;
				CLANG_WARN_OBJC_LITERAL_CONVERSION = YES;
				CLANG_WARN_OBJC_ROOT_CLASS = YES_ERROR;
				CLANG_WARN_RANGE_LOOP_ANALYSIS = YES;
				CLANG_WARN_STRICT_PROTOTYPES = YES;
				CLANG_WARN_SUSPICIOUS_MOVE = YES;
				CLANG_WARN_UNGUARDED_AVAILABILITY = YES_AGGRESSIVE;
				CLANG_WARN_UNREACHABLE_CODE = YES;
				CLANG_WARN__DUPLICATE_METHOD_MATCH = YES;
				CODE_SIGN_IDENTITY = "iPhone Developer";
				COPY_PHASE_STRIP = NO;
				DEBUG_INFORMATION_FORMAT = "dwarf-with-dsym";
				ENABLE_NS_ASSERTIONS = NO;
				ENABLE_STRICT_OBJC_MSGSEND = YES;
				GCC_C_LANGUAGE_STANDARD = gnu11;
				GCC_NO_COMMON_BLOCKS = YES;
				GCC_WARN_64_TO_32_BIT_CONVERSION = YES;
				GCC_WARN_ABOUT_RETURN_TYPE = YES_ERROR;
				GCC_WARN_UNDECLARED_SELECTOR = YES;
				GCC_WARN_UNINITIALIZED_AUTOS = YES_AGGRESSIVE;
				GCC_WARN_UNUSED_FUNCTION = YES;
				GCC_WARN_UNUSED_VARIABLE = YES;
				IPHONEOS_DEPLOYMENT_TARGET = 11.3;
				MTL_ENABLE_DEBUG_INFO = NO;
				SDKROOT = iphoneos;
				VALIDATE_PRODUCT = YES;
			};
			name = Release;
		};
		FAF5773F20A42DCB00E69D82 /* Debug */ = {
			isa = XCBuildConfiguration;
			buildSettings = {
				ASSETCATALOG_COMPILER_APPICON_NAME = AppIcon;
				CODE_SIGN_STYLE = Automatic;
				DEVELOPMENT_TEAM = KCEG8YEA7G;
				ENABLE_STRICT_OBJC_MSGSEND = NO;
				INFOPLIST_FILE = messageSend/Info.plist;
				IPHONEOS_DEPLOYMENT_TARGET = 9.0;
				LD_RUNPATH_SEARCH_PATHS = (
					"$(inherited)",
					"@executable_path/Frameworks",
				);
				PRODUCT_BUNDLE_IDENTIFIER = com.lanxiao.www.messageSend;
				PRODUCT_NAME = "$(TARGET_NAME)";
				TARGETED_DEVICE_FAMILY = "1,2";
			};
			name = Debug;
		};
		FAF5774020A42DCB00E69D82 /* Release */ = {
			isa = XCBuildConfiguration;
			buildSettings = {
				ASSETCATALOG_COMPILER_APPICON_NAME = AppIcon;
				CODE_SIGN_STYLE = Automatic;
				DEVELOPMENT_TEAM = KCEG8YEA7G;
				ENABLE_STRICT_OBJC_MSGSEND = NO;
				INFOPLIST_FILE = messageSend/Info.plist;
				IPHONEOS_DEPLOYMENT_TARGET = 9.0;
				LD_RUNPATH_SEARCH_PATHS = (
					"$(inherited)",
					"@executable_path/Frameworks",
				);
				PRODUCT_BUNDLE_IDENTIFIER = com.lanxiao.www.messageSend;
				PRODUCT_NAME = "$(TARGET_NAME)";
				TARGETED_DEVICE_FAMILY = "1,2";
			};
			name = Release;
		};
/* End XCBuildConfiguration section */

/* Begin XCConfigurationList section */
		FAF5772320A42DCA00E69D82 /* Build configuration list for PBXProject "messageSend" */ = {
			isa = XCConfigurationList;
			buildConfigurations = (
				FAF5773C20A42DCB00E69D82 /* Debug */,
				FAF5773D20A42DCB00E69D82 /* Release */,
			);
			defaultConfigurationIsVisible = 0;
			defaultConfigurationName = Release;
		};
		FAF5773E20A42DCB00E69D82 /* Build configuration list for PBXNativeTarget "messageSend" */ = {
			isa = XCConfigurationList;
			buildConfigurations = (
				FAF5773F20A42DCB00E69D82 /* Debug */,
				FAF5774020A42DCB00E69D82 /* Release */,
			);
			defaultConfigurationIsVisible = 0;
			defaultConfigurationName = Release;
		};
/* End XCConfigurationList section */
	};
	rootObject = FAF5772020A42DCA00E69D82 /* Project object */;
}
